github.com/CTI-Sweden/Simple-CTI v0.0.0-20240128105541-9876bed7b086 h1:vMrsmxhzJuWp5gAKqzLuNWxCLqWLh0dA+anQb1p4Bak=
github.com/CTI-Sweden/Simple-CTI v0.0.0-20240128105541-9876bed7b086/go.mod h1:+2viQU/XDYnqo4iD8XvFb6CaIoa+JM1E8AMZPcb+WSM=
github.com/CTI-Sweden/Simple-CTI v0.0.0-20240128110743-6b97c372352d h1:RIPN6ln2bX79tdrkqwc2TQqXEYl5IE8vQVhC/FjTewM=
github.com/CTI-Sweden/Simple-CTI v0.0.0-20240128110743-6b97c372352d/go.mod h1:M8dDDnbkx3NwGV7aLCKPjXRjSgogptYct99fcvfy+wk=
